
Microsoft Visual Studio Solution File, Format Version 12.00
# Visual Studio Version 17
VisualStudioVersion = 17.1.32328.378
MinimumVisualStudioVersion = 10.0.40219.1
Project("{9A19103F-16F7-4668-BE54-9A1E7A4F7556}") = "01 BasicStackOperations", "01 BasicStackOperations\01 BasicStackOperations.csproj", "{2A6AD8F1-3D94-48DE-B890-501A05E5AF6E}"
EndProject
Project("{9A19103F-16F7-4668-BE54-9A1E7A4F7556}") = "02 BasicQueueOperations", "02 BasicQueueOperations\02 BasicQueueOperations.csproj", "{4008ED3B-3508-4AFB-A737-E59387EACFE1}"
EndProject
Project("{9A19103F-16F7-4668-BE54-9A1E7A4F7556}") = "03 MaximumandMinimumElement", "03 MaximumandMinimumElement\03 MaximumandMinimumElement.csproj", "{6DE36F99-476B-402C-AD0F-043A6026309F}"
EndProject
Project("{9A19103F-16F7-4668-BE54-9A1E7A4F7556}") = "04 FastFood", "04 FastFood\04 FastFood.csproj", "{9CE72880-A262-4553-9609-B1EC77DC7969}"
EndProject
Project("{9A19103F-16F7-4668-BE54-9A1E7A4F7556}") = "05 FashionBoutique", "05 FashionBoutique\05 FashionBoutique.csproj", "{CEB22A4E-0294-4152-91E5-BE3679444FBA}"
EndProject
Project("{9A19103F-16F7-4668-BE54-9A1E7A4F7556}") = "06 SongsQueue", "06 SongsQueue\06 SongsQueue.csproj", "{73D2EF25-4648-4B24-8EC0-E6A1CB6ABD41}"
EndProject
Project("{9A19103F-16F7-4668-BE54-9A1E7A4F7556}") = "07 TruckTour", "07 TruckTour\07 TruckTour.csproj", "{EFF7385C-C0F3-4D26-B2A9-3E21E137676B}"
EndProject
Project("{FAE04EC0-301F-11D3-BF4B-00C04F79EFBC}") = "08 BalancedParenthesis", "08 BalancedParenthesis\08 BalancedParenthesis.csproj", "{4441241B-5B38-44C2-B5DB-C3C372933803}"
EndProject
Project("{FAE04EC0-301F-11D3-BF4B-00C04F79EFBC}") = "09 SimpleTextEditor", "09 SimpleTextEditor\09 SimpleTextEditor.csproj", "{AADB11B6-0E73-435A-A81B-7CA0F3C1C824}"
EndProject
Global
	GlobalSection(SolutionConfigurationPlatforms) = preSolution
		Debug|Any CPU = Debug|Any CPU
		Release|Any CPU = Release|Any CPU
	EndGlobalSection
	GlobalSection(ProjectConfigurationPlatforms) = postSolution
		{2A6AD8F1-3D94-48DE-B890-501A05E5AF6E}.Debug|Any CPU.ActiveCfg = Debug|Any CPU
		{2A6AD8F1-3D94-48DE-B890-501A05E5AF6E}.Debug|Any CPU.Build.0 = Debug|Any CPU
		{2A6AD8F1-3D94-48DE-B890-501A05E5AF6E}.Release|Any CPU.ActiveCfg = Release|Any CPU
		{2A6AD8F1-3D94-48DE-B890-501A05E5AF6E}.Release|Any CPU.Build.0 = Release|Any CPU
		{4008ED3B-3508-4AFB-A737-E59387EACFE1}.Debug|Any CPU.ActiveCfg = Debug|Any CPU
		{4008ED3B-3508-4AFB-A737-E59387EACFE1}.Debug|Any CPU.Build.0 = Debug|Any CPU
		{4008ED3B-3508-4AFB-A737-E59387EACFE1}.Release|Any CPU.ActiveCfg = Release|Any CPU
		{4008ED3B-3508-4AFB-A737-E59387EACFE1}.Release|Any CPU.Build.0 = Release|Any CPU
		{6DE36F99-476B-402C-AD0F-043A6026309F}.Debug|Any CPU.ActiveCfg = Debug|Any CPU
		{6DE36F99-476B-402C-AD0F-043A6026309F}.Debug|Any CPU.Build.0 = Debug|Any CPU
		{6DE36F99-476B-402C-AD0F-043A6026309F}.Release|Any CPU.ActiveCfg = Release|Any CPU
		{6DE36F99-476B-402C-AD0F-043A6026309F}.Release|Any CPU.Build.0 = Release|Any CPU
		{9CE72880-A262-4553-9609-B1EC77DC7969}.Debug|Any CPU.ActiveCfg = Debug|Any CPU
		{9CE72880-A262-4553-9609-B1EC77DC7969}.Debug|Any CPU.Build.0 = Debug|Any CPU
		{9CE72880-A262-4553-9609-B1EC77DC7969}.Release|Any CPU.ActiveCfg = Release|Any CPU
		{9CE72880-A262-4553-9609-B1EC77DC7969}.Release|Any CPU.Build.0 = Release|Any CPU
		{CEB22A4E-0294-4152-91E5-BE3679444FBA}.Debug|Any CPU.ActiveCfg = Debug|Any CPU
		{CEB22A4E-0294-4152-91E5-BE3679444FBA}.Debug|Any CPU.Build.0 = Debug|Any CPU
		{CEB22A4E-0294-4152-91E5-BE3679444FBA}.Release|Any CPU.ActiveCfg = Release|Any CPU
		{CEB22A4E-0294-4152-91E5-BE3679444FBA}.Release|Any CPU.Build.0 = Release|Any CPU
		{73D2EF25-4648-4B24-8EC0-E6A1CB6ABD41}.Debug|Any CPU.ActiveCfg = Debug|Any CPU
		{73D2EF25-4648-4B24-8EC0-E6A1CB6ABD41}.Debug|Any CPU.Build.0 = Debug|Any CPU
		{73D2EF25-4648-4B24-8EC0-E6A1CB6ABD41}.Release|Any CPU.ActiveCfg = Release|Any CPU
		{73D2EF25-4648-4B24-8EC0-E6A1CB6ABD41}.Release|Any CPU.Build.0 = Release|Any CPU
		{EFF7385C-C0F3-4D26-B2A9-3E21E137676B}.Debug|Any CPU.ActiveCfg = Debug|Any CPU
		{EFF7385C-C0F3-4D26-B2A9-3E21E137676B}.Debug|Any CPU.Build.0 = Debug|Any CPU
		{EFF7385C-C0F3-4D26-B2A9-3E21E137676B}.Release|Any CPU.ActiveCfg = Release|Any CPU
		{EFF7385C-C0F3-4D26-B2A9-3E21E137676B}.Release|Any CPU.Build.0 = Release|Any CPU
		{4441241B-5B38-44C2-B5DB-C3C372933803}.Debug|Any CPU.ActiveCfg = Debug|Any CPU
		{4441241B-5B38-44C2-B5DB-C3C372933803}.Debug|Any CPU.Build.0 = Debug|Any CPU
		{4441241B-5B38-44C2-B5DB-C3C372933803}.Release|Any CPU.ActiveCfg = Release|Any CPU
		{4441241B-5B38-44C2-B5DB-C3C372933803}.Release|Any CPU.Build.0 = Release|Any CPU
		{AADB11B6-0E73-435A-A81B-7CA0F3C1C824}.Debug|Any CPU.ActiveCfg = Debug|Any CPU
		{AADB11B6-0E73-435A-A81B-7CA0F3C1C824}.Debug|Any CPU.Build.0 = Debug|Any CPU
		{AADB11B6-0E73-435A-A81B-7CA0F3C1C824}.Release|Any CPU.ActiveCfg = Release|Any CPU
		{AADB11B6-0E73-435A-A81B-7CA0F3C1C824}.Release|Any CPU.Build.0 = Release|Any CPU
	EndGlobalSection
	GlobalSection(SolutionProperties) = preSolution
		HideSolutionNode = FALSE
	EndGlobalSection
	GlobalSection(ExtensibilityGlobals) = postSolution
		SolutionGuid = {F66D4188-FC00-486E-94F0-568CECB87F0A}
	EndGlobalSection
EndGlobal
