
Microsoft Visual Studio Solution File, Format Version 12.00
# Visual Studio Version 17
VisualStudioVersion = 17.0.32112.339
MinimumVisualStudioVersion = 10.0.40219.1
Project("{9A19103F-16F7-4668-BE54-9A1E7A4F7556}") = "01 Integer Operations", "01 Integer Operations\01 Integer Operations.csproj", "{19925D96-38A5-4073-A6C9-0B97F1291ADB}"
EndProject
Project("{9A19103F-16F7-4668-BE54-9A1E7A4F7556}") = "02 Sum Digits", "02 Sum Digits\02 Sum Digits.csproj", "{F22A147B-099B-42BA-9AF2-D66852BAC65C}"
EndProject
Project("{9A19103F-16F7-4668-BE54-9A1E7A4F7556}") = "03 Elevator", "03 Elevator\03 Elevator.csproj", "{2AC2CA0F-987F-4B71-BCB7-137A516450AE}"
EndProject
Project("{9A19103F-16F7-4668-BE54-9A1E7A4F7556}") = "04 Sum of Chars", "04 Sum of Chars\04 Sum of Chars.csproj", "{FFADD757-BE2E-4D3E-B57F-B251268C3C26}"
EndProject
Project("{9A19103F-16F7-4668-BE54-9A1E7A4F7556}") = "05 Print Part Of ASCII Table", "05 Print Part Of ASCII Table\05 Print Part Of ASCII Table.csproj", "{C76F51EB-4CF5-40B3-827D-664820FF8C3E}"
EndProject
Project("{9A19103F-16F7-4668-BE54-9A1E7A4F7556}") = "06 Triples of Latin Letters", "06 Triples of Latin Letters\06 Triples of Latin Letters.csproj", "{353402BA-55E7-4EC5-8346-E7DA1DB34A75}"
EndProject
Project("{9A19103F-16F7-4668-BE54-9A1E7A4F7556}") = "07 Water Overflow", "07 Water Overflow\07 Water Overflow.csproj", "{EF84136A-A863-4649-B163-9BA3F130804C}"
EndProject
Project("{9A19103F-16F7-4668-BE54-9A1E7A4F7556}") = "08 Beer Kegs", "08 Beer Kegs\08 Beer Kegs.csproj", "{9BF8F056-FC45-459F-A5AC-12F50FCEE603}"
EndProject
Project("{FAE04EC0-301F-11D3-BF4B-00C04F79EFBC}") = "09 Spice Must Flow", "09 Spice Must Flow\09 Spice Must Flow.csproj", "{41E7CD7E-3291-4CD4-84B4-EC4DDEDC5D0E}"
EndProject
Project("{FAE04EC0-301F-11D3-BF4B-00C04F79EFBC}") = "10 Poke Mon", "10 Poke Mon\10 Poke Mon.csproj", "{E5E55189-E025-4511-97E8-3AF6C1B2376F}"
EndProject
Project("{FAE04EC0-301F-11D3-BF4B-00C04F79EFBC}") = "11 Snowballs", "11 Snowballs\11 Snowballs.csproj", "{E178002C-0DD6-402B-9BCC-79C3794CA459}"
EndProject
Global
	GlobalSection(SolutionConfigurationPlatforms) = preSolution
		Debug|Any CPU = Debug|Any CPU
		Release|Any CPU = Release|Any CPU
	EndGlobalSection
	GlobalSection(ProjectConfigurationPlatforms) = postSolution
		{19925D96-38A5-4073-A6C9-0B97F1291ADB}.Debug|Any CPU.ActiveCfg = Debug|Any CPU
		{19925D96-38A5-4073-A6C9-0B97F1291ADB}.Debug|Any CPU.Build.0 = Debug|Any CPU
		{19925D96-38A5-4073-A6C9-0B97F1291ADB}.Release|Any CPU.ActiveCfg = Release|Any CPU
		{19925D96-38A5-4073-A6C9-0B97F1291ADB}.Release|Any CPU.Build.0 = Release|Any CPU
		{F22A147B-099B-42BA-9AF2-D66852BAC65C}.Debug|Any CPU.ActiveCfg = Debug|Any CPU
		{F22A147B-099B-42BA-9AF2-D66852BAC65C}.Debug|Any CPU.Build.0 = Debug|Any CPU
		{F22A147B-099B-42BA-9AF2-D66852BAC65C}.Release|Any CPU.ActiveCfg = Release|Any CPU
		{F22A147B-099B-42BA-9AF2-D66852BAC65C}.Release|Any CPU.Build.0 = Release|Any CPU
		{2AC2CA0F-987F-4B71-BCB7-137A516450AE}.Debug|Any CPU.ActiveCfg = Debug|Any CPU
		{2AC2CA0F-987F-4B71-BCB7-137A516450AE}.Debug|Any CPU.Build.0 = Debug|Any CPU
		{2AC2CA0F-987F-4B71-BCB7-137A516450AE}.Release|Any CPU.ActiveCfg = Release|Any CPU
		{2AC2CA0F-987F-4B71-BCB7-137A516450AE}.Release|Any CPU.Build.0 = Release|Any CPU
		{FFADD757-BE2E-4D3E-B57F-B251268C3C26}.Debug|Any CPU.ActiveCfg = Debug|Any CPU
		{FFADD757-BE2E-4D3E-B57F-B251268C3C26}.Debug|Any CPU.Build.0 = Debug|Any CPU
		{FFADD757-BE2E-4D3E-B57F-B251268C3C26}.Release|Any CPU.ActiveCfg = Release|Any CPU
		{FFADD757-BE2E-4D3E-B57F-B251268C3C26}.Release|Any CPU.Build.0 = Release|Any CPU
		{C76F51EB-4CF5-40B3-827D-664820FF8C3E}.Debug|Any CPU.ActiveCfg = Debug|Any CPU
		{C76F51EB-4CF5-40B3-827D-664820FF8C3E}.Debug|Any CPU.Build.0 = Debug|Any CPU
		{C76F51EB-4CF5-40B3-827D-664820FF8C3E}.Release|Any CPU.ActiveCfg = Release|Any CPU
		{C76F51EB-4CF5-40B3-827D-664820FF8C3E}.Release|Any CPU.Build.0 = Release|Any CPU
		{353402BA-55E7-4EC5-8346-E7DA1DB34A75}.Debug|Any CPU.ActiveCfg = Debug|Any CPU
		{353402BA-55E7-4EC5-8346-E7DA1DB34A75}.Debug|Any CPU.Build.0 = Debug|Any CPU
		{353402BA-55E7-4EC5-8346-E7DA1DB34A75}.Release|Any CPU.ActiveCfg = Release|Any CPU
		{353402BA-55E7-4EC5-8346-E7DA1DB34A75}.Release|Any CPU.Build.0 = Release|Any CPU
		{EF84136A-A863-4649-B163-9BA3F130804C}.Debug|Any CPU.ActiveCfg = Debug|Any CPU
		{EF84136A-A863-4649-B163-9BA3F130804C}.Debug|Any CPU.Build.0 = Debug|Any CPU
		{EF84136A-A863-4649-B163-9BA3F130804C}.Release|Any CPU.ActiveCfg = Release|Any CPU
		{EF84136A-A863-4649-B163-9BA3F130804C}.Release|Any CPU.Build.0 = Release|Any CPU
		{9BF8F056-FC45-459F-A5AC-12F50FCEE603}.Debug|Any CPU.ActiveCfg = Debug|Any CPU
		{9BF8F056-FC45-459F-A5AC-12F50FCEE603}.Debug|Any CPU.Build.0 = Debug|Any CPU
		{9BF8F056-FC45-459F-A5AC-12F50FCEE603}.Release|Any CPU.ActiveCfg = Release|Any CPU
		{9BF8F056-FC45-459F-A5AC-12F50FCEE603}.Release|Any CPU.Build.0 = Release|Any CPU
		{41E7CD7E-3291-4CD4-84B4-EC4DDEDC5D0E}.Debug|Any CPU.ActiveCfg = Debug|Any CPU
		{41E7CD7E-3291-4CD4-84B4-EC4DDEDC5D0E}.Debug|Any CPU.Build.0 = Debug|Any CPU
		{41E7CD7E-3291-4CD4-84B4-EC4DDEDC5D0E}.Release|Any CPU.ActiveCfg = Release|Any CPU
		{41E7CD7E-3291-4CD4-84B4-EC4DDEDC5D0E}.Release|Any CPU.Build.0 = Release|Any CPU
		{E5E55189-E025-4511-97E8-3AF6C1B2376F}.Debug|Any CPU.ActiveCfg = Debug|Any CPU
		{E5E55189-E025-4511-97E8-3AF6C1B2376F}.Debug|Any CPU.Build.0 = Debug|Any CPU
		{E5E55189-E025-4511-97E8-3AF6C1B2376F}.Release|Any CPU.ActiveCfg = Release|Any CPU
		{E5E55189-E025-4511-97E8-3AF6C1B2376F}.Release|Any CPU.Build.0 = Release|Any CPU
		{E178002C-0DD6-402B-9BCC-79C3794CA459}.Debug|Any CPU.ActiveCfg = Debug|Any CPU
		{E178002C-0DD6-402B-9BCC-79C3794CA459}.Debug|Any CPU.Build.0 = Debug|Any CPU
		{E178002C-0DD6-402B-9BCC-79C3794CA459}.Release|Any CPU.ActiveCfg = Release|Any CPU
		{E178002C-0DD6-402B-9BCC-79C3794CA459}.Release|Any CPU.Build.0 = Release|Any CPU
	EndGlobalSection
	GlobalSection(SolutionProperties) = preSolution
		HideSolutionNode = FALSE
	EndGlobalSection
	GlobalSection(ExtensibilityGlobals) = postSolution
		SolutionGuid = {ABF7EB28-B742-44C2-943E-7841FAC65197}
	EndGlobalSection
EndGlobal
